
Microsoft Visual Studio Solution File, Format Version 12.00
# Visual Studio Version 16
VisualStudioVersion = 16.0.29424.173
MinimumVisualStudioVersion = 10.0.40219.1
Project("{8BC9CEB8-8B4A-11D0-8D11-00A0C91BC942}") = "DZ04_OOP_IgnatenkoAS", "DZ04_OOP_IgnatenkoAS.vcxproj", "{415F09EE-6E14-450D-8356-DDDF86551258}"
EndProject
Global
	GlobalSection(SolutionConfigurationPlatforms) = preSolution
		Debug|x64 = Debug|x64
		Debug|x86 = Debug|x86
		Release|x64 = Release|x64
		Release|x86 = Release|x86
	EndGlobalSection
	GlobalSection(ProjectConfigurationPlatforms) = postSolution
		{415F09EE-6E14-450D-8356-DDDF86551258}.Debug|x64.ActiveCfg = Debug|x64
		{415F09EE-6E14-450D-8356-DDDF86551258}.Debug|x64.Build.0 = Debug|x64
		{415F09EE-6E14-450D-8356-DDDF86551258}.Debug|x86.ActiveCfg = Debug|Win32
		{415F09EE-6E14-450D-8356-DDDF86551258}.Debug|x86.Build.0 = Debug|Win32
		{415F09EE-6E14-450D-8356-DDDF86551258}.Release|x64.ActiveCfg = Release|x64
		{415F09EE-6E14-450D-8356-DDDF86551258}.Release|x64.Build.0 = Release|x64
		{415F09EE-6E14-450D-8356-DDDF86551258}.Release|x86.ActiveCfg = Release|Win32
		{415F09EE-6E14-450D-8356-DDDF86551258}.Release|x86.Build.0 = Release|Win32
	EndGlobalSection
	GlobalSection(SolutionProperties) = preSolution
		HideSolutionNode = FALSE
	EndGlobalSection
	GlobalSection(ExtensibilityGlobals) = postSolution
		SolutionGuid = {1A04547F-0757-4221-964A-3E5363A1014B}
	EndGlobalSection
EndGlobal
